
Microsoft Visual Studio Solution File, Format Version 12.00
# Visual Studio Version 17
VisualStudioVersion = 17.2.32210.308
MinimumVisualStudioVersion = 10.0.40219.1
Project("{FAE04EC0-301F-11D3-BF4B-00C04F79EFBC}") = "LakeshireAPI", "LakeshireAPI\LakeshireAPI.csproj", "{C3391674-2A6D-4B2D-B419-D9265E57FF6D}"
EndProject
Project("{FAE04EC0-301F-11D3-BF4B-00C04F79EFBC}") = "Lakeshire.Common", "Lakeshire.Common\Lakeshire.Common.csproj", "{39ED0CD7-6820-4E72-8986-C4FC830FDD50}"
EndProject
Project("{FAE04EC0-301F-11D3-BF4B-00C04F79EFBC}") = "LakeshireAuth", "LakeshireAuth\LakeshireAuth.csproj", "{7E29C1F1-6C13-4EAE-96A2-3CCE0184865C}"
EndProject
Global
	GlobalSection(SolutionConfigurationPlatforms) = preSolution
		Debug|Any CPU = Debug|Any CPU
		Release|Any CPU = Release|Any CPU
	EndGlobalSection
	GlobalSection(ProjectConfigurationPlatforms) = postSolution
		{C3391674-2A6D-4B2D-B419-D9265E57FF6D}.Debug|Any CPU.ActiveCfg = Debug|Any CPU
		{C3391674-2A6D-4B2D-B419-D9265E57FF6D}.Debug|Any CPU.Build.0 = Debug|Any CPU
		{C3391674-2A6D-4B2D-B419-D9265E57FF6D}.Release|Any CPU.ActiveCfg = Release|Any CPU
		{C3391674-2A6D-4B2D-B419-D9265E57FF6D}.Release|Any CPU.Build.0 = Release|Any CPU
		{39ED0CD7-6820-4E72-8986-C4FC830FDD50}.Debug|Any CPU.ActiveCfg = Debug|Any CPU
		{39ED0CD7-6820-4E72-8986-C4FC830FDD50}.Debug|Any CPU.Build.0 = Debug|Any CPU
		{39ED0CD7-6820-4E72-8986-C4FC830FDD50}.Release|Any CPU.ActiveCfg = Release|Any CPU
		{39ED0CD7-6820-4E72-8986-C4FC830FDD50}.Release|Any CPU.Build.0 = Release|Any CPU
		{7E29C1F1-6C13-4EAE-96A2-3CCE0184865C}.Debug|Any CPU.ActiveCfg = Debug|Any CPU
		{7E29C1F1-6C13-4EAE-96A2-3CCE0184865C}.Debug|Any CPU.Build.0 = Debug|Any CPU
		{7E29C1F1-6C13-4EAE-96A2-3CCE0184865C}.Release|Any CPU.ActiveCfg = Release|Any CPU
		{7E29C1F1-6C13-4EAE-96A2-3CCE0184865C}.Release|Any CPU.Build.0 = Release|Any CPU
	EndGlobalSection
	GlobalSection(SolutionProperties) = preSolution
		HideSolutionNode = FALSE
	EndGlobalSection
	GlobalSection(ExtensibilityGlobals) = postSolution
		SolutionGuid = {CFA711E0-CC72-4622-B92F-0789A999DFB4}
	EndGlobalSection
EndGlobal
